
Microsoft Visual Studio Solution File, Format Version 12.00
# Visual Studio Version 16
VisualStudioVersion = 16.0.29409.12
MinimumVisualStudioVersion = 10.0.40219.1
Project("{FAE04EC0-301F-11D3-BF4B-00C04F79EFBC}") = "DI2008Controller", "DI2008Controller\DI2008Controller.csproj", "{9FC84D57-AC48-4165-90DF-897E3204ABB6}"
EndProject
Global
	GlobalSection(SolutionConfigurationPlatforms) = preSolution
		Debug|Any CPU = Debug|Any CPU
		Release|Any CPU = Release|Any CPU
	EndGlobalSection
	GlobalSection(ProjectConfigurationPlatforms) = postSolution
		{9FC84D57-AC48-4165-90DF-897E3204ABB6}.Debug|Any CPU.ActiveCfg = Debug|Any CPU
		{9FC84D57-AC48-4165-90DF-897E3204ABB6}.Debug|Any CPU.Build.0 = Debug|Any CPU
		{9FC84D57-AC48-4165-90DF-897E3204ABB6}.Release|Any CPU.ActiveCfg = Release|Any CPU
		{9FC84D57-AC48-4165-90DF-897E3204ABB6}.Release|Any CPU.Build.0 = Release|Any CPU
	EndGlobalSection
	GlobalSection(SolutionProperties) = preSolution
		HideSolutionNode = FALSE
	EndGlobalSection
	GlobalSection(ExtensibilityGlobals) = postSolution
		SolutionGuid = {4E8E206B-DDFA-4657-B074-7F5F2D6DA26D}
	EndGlobalSection
EndGlobal
